
Microsoft Visual Studio Solution File, Format Version 12.00
# Visual Studio Version 17
VisualStudioVersion = 17.9.34607.119
MinimumVisualStudioVersion = 10.0.40219.1
Project("{FAE04EC0-301F-11D3-BF4B-00C04F79EFBC}") = "CarDealershipFinal", "CarDealershipFinal\CarDealershipFinal.csproj", "{1C00BACC-1C12-4C2D-BB40-D52FB6718EC3}"
	ProjectSection(ProjectDependencies) = postProject
		{1B1C1584-7F76-403B-A949-475061ED5C86} = {1B1C1584-7F76-403B-A949-475061ED5C86}
		{286CEBF8-F657-450A-87EE-DB703A43875B} = {286CEBF8-F657-450A-87EE-DB703A43875B}
	EndProjectSection
EndProject
Project("{FAE04EC0-301F-11D3-BF4B-00C04F79EFBC}") = "ValidationLibrary", "ValidationLibrary\ValidationLibrary.csproj", "{1B1C1584-7F76-403B-A949-475061ED5C86}"
EndProject
Project("{FAE04EC0-301F-11D3-BF4B-00C04F79EFBC}") = "ValidationLibraryTest", "ValidationLibraryTest\ValidationLibraryTest.csproj", "{286CEBF8-F657-450A-87EE-DB703A43875B}"
EndProject
Global
	GlobalSection(SolutionConfigurationPlatforms) = preSolution
		Debug|Any CPU = Debug|Any CPU
		Release|Any CPU = Release|Any CPU
	EndGlobalSection
	GlobalSection(ProjectConfigurationPlatforms) = postSolution
		{1C00BACC-1C12-4C2D-BB40-D52FB6718EC3}.Debug|Any CPU.ActiveCfg = Debug|Any CPU
		{1C00BACC-1C12-4C2D-BB40-D52FB6718EC3}.Debug|Any CPU.Build.0 = Debug|Any CPU
		{1C00BACC-1C12-4C2D-BB40-D52FB6718EC3}.Release|Any CPU.ActiveCfg = Release|Any CPU
		{1C00BACC-1C12-4C2D-BB40-D52FB6718EC3}.Release|Any CPU.Build.0 = Release|Any CPU
		{1B1C1584-7F76-403B-A949-475061ED5C86}.Debug|Any CPU.ActiveCfg = Debug|Any CPU
		{1B1C1584-7F76-403B-A949-475061ED5C86}.Debug|Any CPU.Build.0 = Debug|Any CPU
		{1B1C1584-7F76-403B-A949-475061ED5C86}.Release|Any CPU.ActiveCfg = Release|Any CPU
		{1B1C1584-7F76-403B-A949-475061ED5C86}.Release|Any CPU.Build.0 = Release|Any CPU
		{286CEBF8-F657-450A-87EE-DB703A43875B}.Debug|Any CPU.ActiveCfg = Debug|Any CPU
		{286CEBF8-F657-450A-87EE-DB703A43875B}.Debug|Any CPU.Build.0 = Debug|Any CPU
		{286CEBF8-F657-450A-87EE-DB703A43875B}.Release|Any CPU.ActiveCfg = Release|Any CPU
		{286CEBF8-F657-450A-87EE-DB703A43875B}.Release|Any CPU.Build.0 = Release|Any CPU
	EndGlobalSection
	GlobalSection(SolutionProperties) = preSolution
		HideSolutionNode = FALSE
	EndGlobalSection
	GlobalSection(ExtensibilityGlobals) = postSolution
		SolutionGuid = {21605A29-3530-42FE-B949-95128C11EA86}
	EndGlobalSection
EndGlobal
